# THIS IS AN AUTOGENERATED FILE. DO NOT EDIT THIS FILE DIRECTLY.
# yarn lockfile v1


"@types/geojson@^7946.0.10":
  version "7946.0.10"
  resolved "https://registry.yarnpkg.com/@types/geojson/-/geojson-7946.0.10.tgz#6dfbf5ea17142f7f9a043809f1cd4c448cb68249"
  integrity sha512-Nmh0K3iWQJzniTuPRcJn5hxXkfB1T1pgB89SBig5PlJQU5yocazeu4jATJlaA0GYFKWMqDdvYemoSnF2pXgLVA==

"@types/node@^17.0.45":
  version "17.0.45"
  resolved "https://registry.yarnpkg.com/@types/node/-/node-17.0.45.tgz#2c0fafd78705e7a18b7906b5201a522719dc5190"
  integrity sha512-w+tIMs3rq2afQdsPJlODhoUEKzFP1ayaoyl1CcnwtIlsVe7K7bA1NGm4s3PraqTLlXnbIN84zuBlxBWo1u9BLw==

"@types/node@^18.16.3":
  version "18.16.3"
  resolved "https://registry.yarnpkg.com/@types/node/-/node-18.16.3.tgz#6bda7819aae6ea0b386ebc5b24bdf602f1b42b01"
  integrity sha512-OPs5WnnT1xkCBiuQrZA4+YAV4HEJejmHneyraIaxsbev5yCEr6KMwINNFP9wQeFIw8FWcoTqF3vQsa5CDaI+8Q==

denque@^2.1.0:
  version "2.1.0"
  resolved "https://registry.yarnpkg.com/denque/-/denque-2.1.0.tgz#e93e1a6569fb5e66f16a3c2a2964617d349d6ab1"
  integrity sha512-HVQE3AAb/pxF8fQAoiqpvg9i3evqug3hoiwakOyZAwJm+6vZehbkYXZ0l4JxS+I3QxM97v5aaRNhj8v5oBhekw==

iconv-lite@^0.6.3:
  version "0.6.3"
  resolved "https://registry.yarnpkg.com/iconv-lite/-/iconv-lite-0.6.3.tgz#a52f80bf38da1952eb5c681790719871a1a72501"
  integrity sha512-4fCk79wshMdzMp2rH06qWrJE4iolqLhCUH+OiuIgU++RB0+94NlDL81atO7GX55uUKueo0txHNtvEyI6D7WdMw==
  dependencies:
    safer-buffer ">= 2.1.2 < 3.0.0"

lru-cache@^7.14.0:
  version "7.18.3"
  resolved "https://registry.yarnpkg.com/lru-cache/-/lru-cache-7.18.3.tgz#f793896e0fd0e954a59dfdd82f0773808df6aa89"
  integrity sha512-jumlc0BIUrS3qJGgIkWZsyfAM7NCWiBcCDhnd+3NNM5KbBmLTgHVfWBcg6W+rLUsIpzpERPsvwUP7CckAQSOoA==

mariadb@^3.1.1:
  version "3.1.1"
  resolved "https://registry.yarnpkg.com/mariadb/-/mariadb-3.1.1.tgz#aa8b9f9dafd74a8636168f1211b285cb1e738a9e"
  integrity sha512-Y5tu9pQr8uZs63FATr7ldODXn8N2aIFlAg/rp6kRTohgQiJfdl9DNGu9PXRTYdY4JgF5mT2ASD81Jdo5kfGYzg==
  dependencies:
    "@types/geojson" "^7946.0.10"
    "@types/node" "^17.0.45"
    denque "^2.1.0"
    iconv-lite "^0.6.3"
    lru-cache "^7.14.0"

"safer-buffer@>= 2.1.2 < 3.0.0":
  version "2.1.2"
  resolved "https://registry.yarnpkg.com/safer-buffer/-/safer-buffer-2.1.2.tgz#44fa161b0187b9549dd84bb91802f9bd8385cd6a"
  integrity sha512-YZo3K82SD7Riyi0E1EQPojLz7kpepnSQI9IyPbHHg1XXXevb5dJI7tpyN2ADxGcQbHG7vcyRHk0cbwqcQriUtg==

typescript@^5.0.4:
  version "5.0.4"
  resolved "https://registry.yarnpkg.com/typescript/-/typescript-5.0.4.tgz#b217fd20119bd61a94d4011274e0ab369058da3b"
  integrity sha512-cW9T5W9xY37cc+jfEnaUvX91foxtHkza3Nw3wkoF4sSlKn0MONdkdEndig/qPBWXNkmplh3NzayQzCiHM4/hqw==
